
Microsoft Visual Studio Solution File, Format Version 12.00
# Visual Studio Version 16
VisualStudioVersion = 16.0.29411.108
MinimumVisualStudioVersion = 10.0.40219.1
Project("{FAE04EC0-301F-11D3-BF4B-00C04F79EFBC}") = "WindowsFormsApp1", "WindowsFormsApp1\WindowsFormsApp1.csproj", "{A181DF6B-2B63-4E2B-844F-1DE3DD7C9224}"
EndProject
Project("{2150E333-8FDC-42A3-9474-1A3956D46DE8}") = "Solution Items", "Solution Items", "{75F205D8-CC32-4D15-A3B1-40D587ED7DF8}"
EndProject
Project("{FAE04EC0-301F-11D3-BF4B-00C04F79EFBC}") = "WindowsFormsApp1Tests1", "WindowsFormsApp1Tests1\WindowsFormsApp1Tests1.csproj", "{174DFCFC-51D2-4A18-9441-8720246AA390}"
EndProject
Project("{2150E333-8FDC-42A3-9474-1A3956D46DE8}") = "Documentation", "Documentation", "{7084AFC5-59F3-4E45-BA94-CC843B2C5F97}"
EndProject
Global
	GlobalSection(SolutionConfigurationPlatforms) = preSolution
		Debug|Any CPU = Debug|Any CPU
		Release|Any CPU = Release|Any CPU
	EndGlobalSection
	GlobalSection(ProjectConfigurationPlatforms) = postSolution
		{A181DF6B-2B63-4E2B-844F-1DE3DD7C9224}.Debug|Any CPU.ActiveCfg = Debug|Any CPU
		{A181DF6B-2B63-4E2B-844F-1DE3DD7C9224}.Debug|Any CPU.Build.0 = Debug|Any CPU
		{A181DF6B-2B63-4E2B-844F-1DE3DD7C9224}.Release|Any CPU.ActiveCfg = Release|Any CPU
		{A181DF6B-2B63-4E2B-844F-1DE3DD7C9224}.Release|Any CPU.Build.0 = Release|Any CPU
		{174DFCFC-51D2-4A18-9441-8720246AA390}.Debug|Any CPU.ActiveCfg = Debug|Any CPU
		{174DFCFC-51D2-4A18-9441-8720246AA390}.Debug|Any CPU.Build.0 = Debug|Any CPU
		{174DFCFC-51D2-4A18-9441-8720246AA390}.Release|Any CPU.ActiveCfg = Release|Any CPU
		{174DFCFC-51D2-4A18-9441-8720246AA390}.Release|Any CPU.Build.0 = Release|Any CPU
	EndGlobalSection
	GlobalSection(SolutionProperties) = preSolution
		HideSolutionNode = FALSE
	EndGlobalSection
	GlobalSection(NestedProjects) = preSolution
		{7084AFC5-59F3-4E45-BA94-CC843B2C5F97} = {75F205D8-CC32-4D15-A3B1-40D587ED7DF8}
	EndGlobalSection
	GlobalSection(ExtensibilityGlobals) = postSolution
		SolutionGuid = {4C7E2DF7-B385-455D-BEBA-D411649D6A48}
	EndGlobalSection
EndGlobal
